
Microsoft Visual Studio Solution File, Format Version 12.00
# Visual Studio Version 16
VisualStudioVersion = 16.0.30717.126
MinimumVisualStudioVersion = 10.0.40219.1
Project("{FAE04EC0-301F-11D3-BF4B-00C04F79EFBC}") = "ExpensesTracker5", "ExpensesTracker5.csproj", "{FCF995D2-DA5F-4E80-8BF8-FD4E670BFEAB}"
EndProject
Global
	GlobalSection(SolutionConfigurationPlatforms) = preSolution
		Debug|Any CPU = Debug|Any CPU
		Release|Any CPU = Release|Any CPU
	EndGlobalSection
	GlobalSection(ProjectConfigurationPlatforms) = postSolution
		{FCF995D2-DA5F-4E80-8BF8-FD4E670BFEAB}.Debug|Any CPU.ActiveCfg = Debug|Any CPU
		{FCF995D2-DA5F-4E80-8BF8-FD4E670BFEAB}.Debug|Any CPU.Build.0 = Debug|Any CPU
		{FCF995D2-DA5F-4E80-8BF8-FD4E670BFEAB}.Release|Any CPU.ActiveCfg = Release|Any CPU
		{FCF995D2-DA5F-4E80-8BF8-FD4E670BFEAB}.Release|Any CPU.Build.0 = Release|Any CPU
	EndGlobalSection
	GlobalSection(SolutionProperties) = preSolution
		HideSolutionNode = FALSE
	EndGlobalSection
	GlobalSection(ExtensibilityGlobals) = postSolution
		SolutionGuid = {F1209FE3-40A5-4195-992B-E25BD54CA9EF}
	EndGlobalSection
EndGlobal
